
Microsoft Visual Studio Solution File, Format Version 12.00
# Visual Studio 15
VisualStudioVersion = 15.0.27703.2035
MinimumVisualStudioVersion = 10.0.40219.1
Project("{FAE04EC0-301F-11D3-BF4B-00C04F79EFBC}") = "WpfOpenGL", "WpfOpenGL\WpfOpenGL.csproj", "{57F0E178-BDED-43C3-ACF3-CA2680505D3D}"
EndProject
Global
	GlobalSection(SolutionConfigurationPlatforms) = preSolution
		Debug|Any CPU = Debug|Any CPU
		Release|Any CPU = Release|Any CPU
	EndGlobalSection
	GlobalSection(ProjectConfigurationPlatforms) = postSolution
		{57F0E178-BDED-43C3-ACF3-CA2680505D3D}.Debug|Any CPU.ActiveCfg = Debug|Any CPU
		{57F0E178-BDED-43C3-ACF3-CA2680505D3D}.Debug|Any CPU.Build.0 = Debug|Any CPU
		{57F0E178-BDED-43C3-ACF3-CA2680505D3D}.Release|Any CPU.ActiveCfg = Release|Any CPU
		{57F0E178-BDED-43C3-ACF3-CA2680505D3D}.Release|Any CPU.Build.0 = Release|Any CPU
	EndGlobalSection
	GlobalSection(SolutionProperties) = preSolution
		HideSolutionNode = FALSE
	EndGlobalSection
	GlobalSection(ExtensibilityGlobals) = postSolution
		SolutionGuid = {039F4F25-72C8-4C7A-8B23-D332FF648FE8}
	EndGlobalSection
EndGlobal
